<?xml version="1.0" encoding="UTF-8"?>
<CodeBlocks_project_file>
	<FileVersion major="1" minor="6"/>
	<Project>
		<Option title="EXAM_XXX"/>
		<Option makefile_is_custom="1"/>
		<Option compiler="gcc"/>
		<Option virtualFolders="CMake Files\;"/>
		<Build>
			<Target title="all">
				<Option working_dir="X:/01-MAXDOCS/Projects/QT/EXAM_XXX/debug"/>
				<Option type="4"/>
				<MakeCommands>
					<Build command="E:/MAXSYS/MSYS2/mingw64/bin/mingw32-make.exe -f &quot;X:/01-MAXDOCS/Projects/QT/EXAM_XXX/debug/Makefile&quot;  VERBOSE=1 all"/>
					<CompileFile command="E:/MAXSYS/MSYS2/mingw64/bin/mingw32-make.exe -f &quot;X:/01-MAXDOCS/Projects/QT/EXAM_XXX/debug/Makefile&quot;  VERBOSE=1 &quot;$file&quot;"/>
					<Clean command="E:/MAXSYS/MSYS2/mingw64/bin/mingw32-make.exe -f &quot;X:/01-MAXDOCS/Projects/QT/EXAM_XXX/debug/Makefile&quot;  VERBOSE=1 clean"/>
					<DistClean command="E:/MAXSYS/MSYS2/mingw64/bin/mingw32-make.exe -f &quot;X:/01-MAXDOCS/Projects/QT/EXAM_XXX/debug/Makefile&quot;  VERBOSE=1 clean"/>
				</MakeCommands>
			</Target>
			<Target title="rebuild_cache">
				<Option working_dir="X:/01-MAXDOCS/Projects/QT/EXAM_XXX/debug"/>
				<Option type="4"/>
				<MakeCommands>
					<Build command="E:/MAXSYS/MSYS2/mingw64/bin/mingw32-make.exe -f &quot;X:/01-MAXDOCS/Projects/QT/EXAM_XXX/debug/Makefile&quot;  VERBOSE=1 rebuild_cache"/>
					<CompileFile command="E:/MAXSYS/MSYS2/mingw64/bin/mingw32-make.exe -f &quot;X:/01-MAXDOCS/Projects/QT/EXAM_XXX/debug/Makefile&quot;  VERBOSE=1 &quot;$file&quot;"/>
					<Clean command="E:/MAXSYS/MSYS2/mingw64/bin/mingw32-make.exe -f &quot;X:/01-MAXDOCS/Projects/QT/EXAM_XXX/debug/Makefile&quot;  VERBOSE=1 clean"/>
					<DistClean command="E:/MAXSYS/MSYS2/mingw64/bin/mingw32-make.exe -f &quot;X:/01-MAXDOCS/Projects/QT/EXAM_XXX/debug/Makefile&quot;  VERBOSE=1 clean"/>
				</MakeCommands>
			</Target>
			<Target title="EXAM_XXX">
				<Option output="X:/01-MAXDOCS/Projects/QT/EXAM_XXX/debug/EXAM_XXX.exe" prefix_auto="0" extension_auto="0"/>
				<Option working_dir="X:/01-MAXDOCS/Projects/QT/EXAM_XXX/debug"/>
				<Option object_output="./"/>
				<Option type="1"/>
				<Option compiler="gcc"/>
				<Compiler>
					<Add directory="E:/MAXSYS/MSYS2/mingw64/bin/../lib/gcc/x86_64-w64-mingw32/10.2.0/../../../../include/c++/10.2.0"/>
					<Add directory="E:/MAXSYS/MSYS2/mingw64/bin/../lib/gcc/x86_64-w64-mingw32/10.2.0/../../../../include/c++/10.2.0/x86_64-w64-mingw32"/>
					<Add directory="E:/MAXSYS/MSYS2/mingw64/bin/../lib/gcc/x86_64-w64-mingw32/10.2.0/../../../../include/c++/10.2.0/backward"/>
					<Add directory="E:/MAXSYS/MSYS2/mingw64/bin/../lib/gcc/x86_64-w64-mingw32/10.2.0/include"/>
					<Add directory="E:/MAXSYS/MSYS2/mingw64/bin/../lib/gcc/x86_64-w64-mingw32/10.2.0/../../../../include"/>
					<Add directory="E:/MAXSYS/MSYS2/mingw64/bin/../lib/gcc/x86_64-w64-mingw32/10.2.0/include-fixed"/>
					<Add directory="E:/MAXSYS/MSYS2/mingw64/bin/../lib/gcc/x86_64-w64-mingw32/10.2.0/../../../../x86_64-w64-mingw32/include"/>
				</Compiler>
				<MakeCommands>
					<Build command="E:/MAXSYS/MSYS2/mingw64/bin/mingw32-make.exe -f &quot;X:/01-MAXDOCS/Projects/QT/EXAM_XXX/debug/Makefile&quot;  VERBOSE=1 EXAM_XXX"/>
					<CompileFile command="E:/MAXSYS/MSYS2/mingw64/bin/mingw32-make.exe -f &quot;X:/01-MAXDOCS/Projects/QT/EXAM_XXX/debug/Makefile&quot;  VERBOSE=1 &quot;$file&quot;"/>
					<Clean command="E:/MAXSYS/MSYS2/mingw64/bin/mingw32-make.exe -f &quot;X:/01-MAXDOCS/Projects/QT/EXAM_XXX/debug/Makefile&quot;  VERBOSE=1 clean"/>
					<DistClean command="E:/MAXSYS/MSYS2/mingw64/bin/mingw32-make.exe -f &quot;X:/01-MAXDOCS/Projects/QT/EXAM_XXX/debug/Makefile&quot;  VERBOSE=1 clean"/>
				</MakeCommands>
			</Target>
			<Target title="EXAM_XXX/fast">
				<Option output="X:/01-MAXDOCS/Projects/QT/EXAM_XXX/debug/EXAM_XXX.exe" prefix_auto="0" extension_auto="0"/>
				<Option working_dir="X:/01-MAXDOCS/Projects/QT/EXAM_XXX/debug"/>
				<Option object_output="./"/>
				<Option type="1"/>
				<Option compiler="gcc"/>
				<Compiler>
					<Add directory="E:/MAXSYS/MSYS2/mingw64/bin/../lib/gcc/x86_64-w64-mingw32/10.2.0/../../../../include/c++/10.2.0"/>
					<Add directory="E:/MAXSYS/MSYS2/mingw64/bin/../lib/gcc/x86_64-w64-mingw32/10.2.0/../../../../include/c++/10.2.0/x86_64-w64-mingw32"/>
					<Add directory="E:/MAXSYS/MSYS2/mingw64/bin/../lib/gcc/x86_64-w64-mingw32/10.2.0/../../../../include/c++/10.2.0/backward"/>
					<Add directory="E:/MAXSYS/MSYS2/mingw64/bin/../lib/gcc/x86_64-w64-mingw32/10.2.0/include"/>
					<Add directory="E:/MAXSYS/MSYS2/mingw64/bin/../lib/gcc/x86_64-w64-mingw32/10.2.0/../../../../include"/>
					<Add directory="E:/MAXSYS/MSYS2/mingw64/bin/../lib/gcc/x86_64-w64-mingw32/10.2.0/include-fixed"/>
					<Add directory="E:/MAXSYS/MSYS2/mingw64/bin/../lib/gcc/x86_64-w64-mingw32/10.2.0/../../../../x86_64-w64-mingw32/include"/>
				</Compiler>
				<MakeCommands>
					<Build command="E:/MAXSYS/MSYS2/mingw64/bin/mingw32-make.exe -f &quot;X:/01-MAXDOCS/Projects/QT/EXAM_XXX/debug/Makefile&quot;  VERBOSE=1 EXAM_XXX/fast"/>
					<CompileFile command="E:/MAXSYS/MSYS2/mingw64/bin/mingw32-make.exe -f &quot;X:/01-MAXDOCS/Projects/QT/EXAM_XXX/debug/Makefile&quot;  VERBOSE=1 &quot;$file&quot;"/>
					<Clean command="E:/MAXSYS/MSYS2/mingw64/bin/mingw32-make.exe -f &quot;X:/01-MAXDOCS/Projects/QT/EXAM_XXX/debug/Makefile&quot;  VERBOSE=1 clean"/>
					<DistClean command="E:/MAXSYS/MSYS2/mingw64/bin/mingw32-make.exe -f &quot;X:/01-MAXDOCS/Projects/QT/EXAM_XXX/debug/Makefile&quot;  VERBOSE=1 clean"/>
				</MakeCommands>
			</Target>
			<Target title="edit_cache">
				<Option working_dir="X:/01-MAXDOCS/Projects/QT/EXAM_XXX/debug"/>
				<Option type="4"/>
				<MakeCommands>
					<Build command="E:/MAXSYS/MSYS2/mingw64/bin/mingw32-make.exe -f &quot;X:/01-MAXDOCS/Projects/QT/EXAM_XXX/debug/Makefile&quot;  VERBOSE=1 edit_cache"/>
					<CompileFile command="E:/MAXSYS/MSYS2/mingw64/bin/mingw32-make.exe -f &quot;X:/01-MAXDOCS/Projects/QT/EXAM_XXX/debug/Makefile&quot;  VERBOSE=1 &quot;$file&quot;"/>
					<Clean command="E:/MAXSYS/MSYS2/mingw64/bin/mingw32-make.exe -f &quot;X:/01-MAXDOCS/Projects/QT/EXAM_XXX/debug/Makefile&quot;  VERBOSE=1 clean"/>
					<DistClean command="E:/MAXSYS/MSYS2/mingw64/bin/mingw32-make.exe -f &quot;X:/01-MAXDOCS/Projects/QT/EXAM_XXX/debug/Makefile&quot;  VERBOSE=1 clean"/>
				</MakeCommands>
			</Target>
		</Build>
		<Unit filename="X:/01-MAXDOCS/Projects/QT/EXAM_XXX/main.cpp">
			<Option target="EXAM_XXX"/>
		</Unit>
		<Unit filename="X:/01-MAXDOCS/Projects/QT/EXAM_XXX/myprofile.h">
			<Option target="EXAM_XXX"/>
		</Unit>
		<Unit filename="X:/01-MAXDOCS/Projects/QT/EXAM_XXX/CMakeLists.txt">
			<Option virtualFolder="CMake Files\"/>
		</Unit>
	</Project>
</CodeBlocks_project_file>
